core:changelogs:
  - content: "---\npackages:\n  group:inth:\n    type: patch\n---\n\n### Send feedback from the CLI\n\nAdd `inth feedback` to report Inth failures, documentation mismatches, and feature requests. Supports structured flags, JSON bodies and output, and existing sign-ins and API keys. Only category and message are required. The API deduplicates identical reports from the same caller within a UTC day. Rate-limit errors return immediately without waiting or retrying.\n"
    filename: 2026-09-27-feedback-command.md
    v: 0.0.0
core:packages:
  - changelogIds:
      - 2026-09-27-feedback-command.md
    id: npm:@inth/cli-darwin-arm64
    updated: true
  - changelogIds:
      - 2026-09-27-feedback-command.md
    id: npm:@inth/cli-linux-arm64
    updated: true
  - changelogIds:
      - 2026-09-27-feedback-command.md
    id: npm:@inth/cli-linux-x64
    updated: true
  - changelogIds:
      - 2026-09-27-feedback-command.md
    id: npm:@inth/cli-win32-x64
    updated: true
  - changelogIds:
      - 2026-09-27-feedback-command.md
    id: npm:@inth/cli
    updated: true
npm:packages:
  - distTag: latest
    id: npm:@inth/cli-darwin-arm64
  - distTag: latest
    id: npm:@inth/cli-linux-arm64
  - distTag: latest
    id: npm:@inth/cli-linux-x64
  - distTag: latest
    id: npm:@inth/cli-win32-x64
  - distTag: latest
    id: npm:@inth/cli
